
Microsoft Visual Studio Solution File, Format Version 12.00
# Visual Studio Version 16
VisualStudioVersion = 16.0.30114.105
MinimumVisualStudioVersion = 10.0.40219.1
Project("{FAE04EC0-301F-11D3-BF4B-00C04F79EFBC}") = "ConsoleDraw", "ConsoleDraw.csproj", "{337B0B13-779E-4A3D-A4A7-B2F185219E54}"
EndProject
Global
	GlobalSection(SolutionConfigurationPlatforms) = preSolution
		Debug|Any CPU = Debug|Any CPU
		Release|Any CPU = Release|Any CPU
	EndGlobalSection
	GlobalSection(ProjectConfigurationPlatforms) = postSolution
		{337B0B13-779E-4A3D-A4A7-B2F185219E54}.Debug|Any CPU.ActiveCfg = Debug|Any CPU
		{337B0B13-779E-4A3D-A4A7-B2F185219E54}.Debug|Any CPU.Build.0 = Debug|Any CPU
		{337B0B13-779E-4A3D-A4A7-B2F185219E54}.Release|Any CPU.ActiveCfg = Release|Any CPU
		{337B0B13-779E-4A3D-A4A7-B2F185219E54}.Release|Any CPU.Build.0 = Release|Any CPU
	EndGlobalSection
	GlobalSection(SolutionProperties) = preSolution
		HideSolutionNode = FALSE
	EndGlobalSection
	GlobalSection(ExtensibilityGlobals) = postSolution
		SolutionGuid = {ABFB83AA-D477-4A88-B65B-81C448D13B28}
	EndGlobalSection
EndGlobal
